dependencies:
- name: rabbitmq-ha
  repository: https://kubernetes-charts.storage.googleapis.com
  version: 1.44.1
- name: redis
  repository: https://charts.bitnami.com/bitnami
  version: 10.6.12
digest: sha256:fa4f91c1a746fef03ae2aa262421dfd8c8601ea948294e5e0736b4bd43c0de5b
generated: "2020-06-15T00:14:44.649151831+02:00"
